// !$*UTF8*$!
{
	archiveVersion = 1;
	classes = {
	};
	objectVersion = 50;
	objects = {

/* Begin PBXBuildFile section */
		7F6E2AF223A27BDD00DD57F1 /* AppDelegate.swift in Sources */ = {isa = PBXBuildFile; fileRef = 7F6E2AF123A27BDD00DD57F1 /* AppDelegate.swift */; };
		7F6E2AF423A27BDD00DD57F1 /* SceneDelegate.swift in Sources */ = {isa = PBXBuildFile; fileRef = 7F6E2AF323A27BDD00DD57F1 /* SceneDelegate.swift */; };
		7F6E2AF623A27BDD00DD57F1 /* ViewController.swift in Sources */ = {isa = PBXBuildFile; fileRef = 7F6E2AF523A27BDD00DD57F1 /* ViewController.swift */; };
		7F6E2AF923A27BDD00DD57F1 /* Main.storyboard in Resources */ = {isa = PBXBuildFile; fileRef = 7F6E2AF723A27BDD00DD57F1 /* Main.storyboard */; };
		7F6E2AFB23A27BE400DD57F1 /* Assets.xcassets in Resources */ = {isa = PBXBuildFile; fileRef = 7F6E2AFA23A27BE400DD57F1 /* Assets.xcassets */; };
		7F6E2AFE23A27BE400DD57F1 /* LaunchScreen.storyboard in Resources */ = {isa = PBXBuildFile; fileRef = 7F6E2AFC23A27BE400DD57F1 /* LaunchScreen.storyboard */; };
		7F6E2B0623A27C3E00DD57F1 /* MainClass.swift in Sources */ = {isa = PBXBuildFile; fileRef = 7F6E2B0523A27C3E00DD57F1 /* MainClass.swift */; };
		7F6E2B0A23A2965C00DD57F1 /* TCEAPIHelper.swift in Sources */ = {isa = PBXBuildFile; fileRef = 7F6E2B0923A2965C00DD57F1 /* TCEAPIHelper.swift */; };
		7F6E2B0C23A296E800DD57F1 /* Child1.swift in Sources */ = {isa = PBXBuildFile; fileRef = 7F6E2B0B23A296E800DD57F1 /* Child1.swift */; };
		7F6E2B0E23A2972400DD57F1 /* Child2.swift in Sources */ = {isa = PBXBuildFile; fileRef = 7F6E2B0D23A2972400DD57F1 /* Child2.swift */; };
		7F6E2B1023A2A3F800DD57F1 /* GroupedExtensions.swift in Sources */ = {isa = PBXBuildFile; fileRef = 7F6E2B0F23A2A3F800DD57F1 /* GroupedExtensions.swift */; };
/* End PBXBuildFile section */

/* Begin PBXFileReference section */
		7F6E2AEE23A27BDD00DD57F1 /* testing.app */ = {isa = PBXFileReference; explicitFileType = wrapper.application; includeInIndex = 0; path = testing.app; sourceTree = BUILT_PRODUCTS_DIR; };
		7F6E2AF123A27BDD00DD57F1 /* AppDelegate.swift */ = {isa = PBXFileReference; lastKnownFileType = sourcecode.swift; path = AppDelegate.swift; sourceTree = "<group>"; };
		7F6E2AF323A27BDD00DD57F1 /* SceneDelegate.swift */ = {isa = PBXFileReference; lastKnownFileType = sourcecode.swift; path = SceneDelegate.swift; sourceTree = "<group>"; };
		7F6E2AF523A27BDD00DD57F1 /* ViewController.swift */ = {isa = PBXFileReference; lastKnownFileType = sourcecode.swift; path = ViewController.swift; sourceTree = "<group>"; };
		7F6E2AF823A27BDD00DD57F1 /* Base */ = {isa = PBXFileReference; lastKnownFileType = file.storyboard; name = Base; path = Base.lproj/Main.storyboard; sourceTree = "<group>"; };
		7F6E2AFA23A27BE400DD57F1 /* Assets.xcassets */ = {isa = PBXFileReference; lastKnownFileType = folder.assetcatalog; path = Assets.xcassets; sourceTree = "<group>"; };
		7F6E2AFD23A27BE400DD57F1 /* Base */ = {isa = PBXFileReference; lastKnownFileType = file.storyboard; name = Base; path = Base.lproj/LaunchScreen.storyboard; sourceTree = "<group>"; };
		7F6E2AFF23A27BE400DD57F1 /* Info.plist */ = {isa = PBXFileReference; lastKnownFileType = text.plist.xml; path = Info.plist; sourceTree = "<group>"; };
		7F6E2B0523A27C3E00DD57F1 /* MainClass.swift */ = {isa = PBXFileReference; fileEncoding = 4; lastKnownFileType = sourcecode.swift; path = MainClass.swift; sourceTree = "<group>"; };
		7F6E2B0923A2965C00DD57F1 /* TCEAPIHelper.swift */ = {isa = PBXFileReference; lastKnownFileType = sourcecode.swift; path = TCEAPIHelper.swift; sourceTree = "<group>"; };
		7F6E2B0B23A296E800DD57F1 /* Child1.swift */ = {isa = PBXFileReference; lastKnownFileType = sourcecode.swift; path = Child1.swift; sourceTree = "<group>"; };
		7F6E2B0D23A2972400DD57F1 /* Child2.swift */ = {isa = PBXFileReference; lastKnownFileType = sourcecode.swift; path = Child2.swift; sourceTree = "<group>"; };
		7F6E2B0F23A2A3F800DD57F1 /* GroupedExtensions.swift */ = {isa = PBXFileReference; lastKnownFileType = sourcecode.swift; path = GroupedExtensions.swift; sourceTree = "<group>"; };
/* End PBXFileReference section */

/* Begin PBXFrameworksBuildPhase section */
		7F6E2AEB23A27BDD00DD57F1 /* Frameworks */ = {
			isa = PBXFrameworksBuildPhase;
			buildActionMask = 2147483647;
			files = (
			);
			runOnlyForDeploymentPostprocessing = 0;
		};
/* End PBXFrameworksBuildPhase section */

/* Begin PBXGroup section */
		7F6E2AE523A27BDD00DD57F1 = {
			isa = PBXGroup;
			children = (
				7F6E2AF023A27BDD00DD57F1 /* testing */,
				7F6E2AEF23A27BDD00DD57F1 /* Products */,
			);
			sourceTree = "<group>";
		};
		7F6E2AEF23A27BDD00DD57F1 /* Products */ = {
			isa = PBXGroup;
			children = (
				7F6E2AEE23A27BDD00DD57F1 /* testing.app */,
			);
			name = Products;
			sourceTree = "<group>";
		};
		7F6E2AF023A27BDD00DD57F1 /* testing */ = {
			isa = PBXGroup;
			children = (
				7F6E2B0523A27C3E00DD57F1 /* MainClass.swift */,
				7F6E2AF123A27BDD00DD57F1 /* AppDelegate.swift */,
				7F6E2AF323A27BDD00DD57F1 /* SceneDelegate.swift */,
				7F6E2AF523A27BDD00DD57F1 /* ViewController.swift */,
				7F6E2AF723A27BDD00DD57F1 /* Main.storyboard */,
				7F6E2AFA23A27BE400DD57F1 /* Assets.xcassets */,
				7F6E2AFC23A27BE400DD57F1 /* LaunchScreen.storyboard */,
				7F6E2AFF23A27BE400DD57F1 /* Info.plist */,
				7F6E2B0923A2965C00DD57F1 /* TCEAPIHelper.swift */,
				7F6E2B0B23A296E800DD57F1 /* Child1.swift */,
				7F6E2B0D23A2972400DD57F1 /* Child2.swift */,
				7F6E2B0F23A2A3F800DD57F1 /* GroupedExtensions.swift */,
			);
			path = testing;
			sourceTree = "<group>";
		};
/* End PBXGroup section */

/* Begin PBXNativeTarget section */
		7F6E2AED23A27BDD00DD57F1 /* testing */ = {
			isa = PBXNativeTarget;
			buildConfigurationList = 7F6E2B0223A27BE400DD57F1 /* Build configuration list for PBXNativeTarget "testing" */;
			buildPhases = (
				7F6E2AEA23A27BDD00DD57F1 /* Sources */,
				7F6E2AEB23A27BDD00DD57F1 /* Frameworks */,
				7F6E2AEC23A27BDD00DD57F1 /* Resources */,
			);
			buildRules = (
			);
			dependencies = (
			);
			name = testing;
			productName = testing;
			productReference = 7F6E2AEE23A27BDD00DD57F1 /* testing.app */;
			productType = "com.apple.product-type.application";
		};
/* End PBXNativeTarget section */

/* Begin PBXProject section */
		7F6E2AE623A27BDD00DD57F1 /* Project object */ = {
			isa = PBXProject;
			attributes = {
				LastSwiftUpdateCheck = 1120;
				LastUpgradeCheck = 1120;
				ORGANIZATIONNAME = "Marcelo Sampaio";
				TargetAttributes = {
					7F6E2AED23A27BDD00DD57F1 = {
						CreatedOnToolsVersion = 11.2.1;
					};
				};
			};
			buildConfigurationList = 7F6E2AE923A27BDD00DD57F1 /* Build configuration list for PBXProject "testing" */;
			compatibilityVersion = "Xcode 9.3";
			developmentRegion = en;
			hasScannedForEncodings = 0;
			knownRegions = (
				en,
				Base,
			);
			mainGroup = 7F6E2AE523A27BDD00DD57F1;
			productRefGroup = 7F6E2AEF23A27BDD00DD57F1 /* Products */;
			projectDirPath = "";
			projectRoot = "";
			targets = (
				7F6E2AED23A27BDD00DD57F1 /* testing */,
			);
		};
/* End PBXProject section */

/* Begin PBXResourcesBuildPhase section */
		7F6E2AEC23A27BDD00DD57F1 /* Resources */ = {
			isa = PBXResourcesBuildPhase;
			buildActionMask = 2147483647;
			files = (
				7F6E2AFE23A27BE400DD57F1 /* LaunchScreen.storyboard in Resources */,
				7F6E2AFB23A27BE400DD57F1 /* Assets.xcassets in Resources */,
				7F6E2AF923A27BDD00DD57F1 /* Main.storyboard in Resources */,
			);
			runOnlyForDeploymentPostprocessing = 0;
		};
/* End PBXResourcesBuildPhase section */

/* Begin PBXSourcesBuildPhase section */
		7F6E2AEA23A27BDD00DD57F1 /* Sources */ = {
			isa = PBXSourcesBuildPhase;
			buildActionMask = 2147483647;
			files = (
				7F6E2B1023A2A3F800DD57F1 /* GroupedExtensions.swift in Sources */,
				7F6E2B0C23A296E800DD57F1 /* Child1.swift in Sources */,
				7F6E2AF623A27BDD00DD57F1 /* ViewController.swift in Sources */,
				7F6E2B0623A27C3E00DD57F1 /* MainClass.swift in Sources */,
				7F6E2B0E23A2972400DD57F1 /* Child2.swift in Sources */,
				7F6E2B0A23A2965C00DD57F1 /* TCEAPIHelper.swift in Sources */,
				7F6E2AF223A27BDD00DD57F1 /* AppDelegate.swift in Sources */,
				7F6E2AF423A27BDD00DD57F1 /* SceneDelegate.swift in Sources */,
			);
			runOnlyForDeploymentPostprocessing = 0;
		};
/* End PBXSourcesBuildPhase section */

/* Begin PBXVariantGroup section */
		7F6E2AF723A27BDD00DD57F1 /* Main.storyboard */ = {
			isa = PBXVariantGroup;
			children = (
				7F6E2AF823A27BDD00DD57F1 /* Base */,
			);
			name = Main.storyboard;
			sourceTree = "<group>";
		};
		7F6E2AFC23A27BE400DD57F1 /* LaunchScreen.storyboard */ = {
			isa = PBXVariantGroup;
			children = (
				7F6E2AFD23A27BE400DD57F1 /* Base */,
			);
			name = LaunchScreen.storyboard;
			sourceTree = "<group>";
		};
/* End PBXVariantGroup section */

/* Begin XCBuildConfiguration section */
		7F6E2B0023A27BE400DD57F1 /* Debug */ = {
			isa = XCBuildConfiguration;
			buildSettings = {
				ALWAYS_SEARCH_USER_PATHS = NO;
				CLANG_ANALYZER_NONNULL = YES;
				CLANG_ANALYZER_NUMBER_OBJECT_CONVERSION = YES_AGGRESSIVE;
				CLANG_CXX_LANGUAGE_STANDARD = "gnu++14";
				CLANG_CXX_LIBRARY = "libc++";
				CLANG_ENABLE_MODULES = YES;
				CLANG_ENABLE_OBJC_ARC = YES;
				CLANG_ENABLE_OBJC_WEAK = YES;
				CLANG_WARN_BLOCK_CAPTURE_AUTORELEASING = YES;
				CLANG_WARN_BOOL_CONVERSION = YES;
				CLANG_WARN_COMMA = YES;
				CLANG_WARN_CONSTANT_CONVERSION = YES;
				CLANG_WARN_DEPRECATED_OBJC_IMPLEMENTATIONS = YES;
				CLANG_WARN_DIRECT_OBJC_ISA_USAGE = YES_ERROR;
				CLANG_WARN_DOCUMENTATION_COMMENTS = YES;
				CLANG_WARN_EMPTY_BODY = YES;
				CLANG_WARN_ENUM_CONVERSION = YES;
				CLANG_WARN_INFINITE_RECURSION = YES;
				CLANG_WARN_INT_CONVERSION = YES;
				CLANG_WARN_NON_LITERAL_NULL_CONVERSION = YES;
				CLANG_WARN_OBJC_IMPLICIT_RETAIN_SELF = YES;
				CLANG_WARN_OBJC_LITERAL_CONVERSION = YES;
				CLANG_WARN_OBJC_ROOT_CLASS = YES_ERROR;
				CLANG_WARN_RANGE_LOOP_ANALYSIS = YES;
				CLANG_WARN_STRICT_PROTOTYPES = YES;
				CLANG_WARN_SUSPICIOUS_MOVE = YES;
				CLANG_WARN_UNGUARDED_AVAILABILITY = YES_AGGRESSIVE;
				CLANG_WARN_UNREACHABLE_CODE = YES;
				CLANG_WARN__DUPLICATE_METHOD_MATCH = YES;
				COPY_PHASE_STRIP = NO;
				DEBUG_INFORMATION_FORMAT = dwarf;
				ENABLE_STRICT_OBJC_MSGSEND = YES;
				ENABLE_TESTABILITY = YES;
				GCC_C_LANGUAGE_STANDARD = gnu11;
				GCC_DYNAMIC_NO_PIC = NO;
				GCC_NO_COMMON_BLOCKS = YES;
				GCC_OPTIMIZATION_LEVEL = 0;
				GCC_PREPROCESSOR_DEFINITIONS = (
					"DEBUG=1",
					"$(inherited)",
				);
				GCC_WARN_64_TO_32_BIT_CONVERSION = YES;
				GCC_WARN_ABOUT_RETURN_TYPE = YES_ERROR;
				GCC_WARN_UNDECLARED_SELECTOR = YES;
				GCC_WARN_UNINITIALIZED_AUTOS = YES_AGGRESSIVE;
				GCC_WARN_UNUSED_FUNCTION = YES;
				GCC_WARN_UNUSED_VARIABLE = YES;
				IPHONEOS_DEPLOYMENT_TARGET = 13.2;
				MTL_ENABLE_DEBUG_INFO = INCLUDE_SOURCE;
				MTL_FAST_MATH = YES;
				ONLY_ACTIVE_ARCH = YES;
				SDKROOT = iphoneos;
				SWIFT_ACTIVE_COMPILATION_CONDITIONS = DEBUG;
				SWIFT_OPTIMIZATION_LEVEL = "-Onone";
			};
			name = Debug;
		};
		7F6E2B0123A27BE400DD57F1 /* Release */ = {
			isa = XCBuildConfiguration;
			buildSettings = {
				ALWAYS_SEARCH_USER_PATHS = NO;
				CLANG_ANALYZER_NONNULL = YES;
				CLANG_ANALYZER_NUMBER_OBJECT_CONVERSION = YES_AGGRESSIVE;
				CLANG_CXX_LANGUAGE_STANDARD = "gnu++14";
				CLANG_CXX_LIBRARY = "libc++";
				CLANG_ENABLE_MODULES = YES;
				CLANG_ENABLE_OBJC_ARC = YES;
				CLANG_ENABLE_OBJC_WEAK = YES;
				CLANG_WARN_BLOCK_CAPTURE_AUTORELEASING = YES;
				CLANG_WARN_BOOL_CONVERSION = YES;
				CLANG_WARN_COMMA = YES;
				CLANG_WARN_CONSTANT_CONVERSION = YES;
				CLANG_WARN_DEPRECATED_OBJC_IMPLEMENTATIONS = YES;
				CLANG_WARN_DIRECT_OBJC_ISA_USAGE = YES_ERROR;
				CLANG_WARN_DOCUMENTATION_COMMENTS = YES;
				CLANG_WARN_EMPTY_BODY = YES;
				CLANG_WARN_ENUM_CONVERSION = YES;
				CLANG_WARN_INFINITE_RECURSION = YES;
				CLANG_WARN_INT_CONVERSION = YES;
				CLANG_WARN_NON_LITERAL_NULL_CONVERSION = YES;
				CLANG_WARN_OBJC_IMPLICIT_RETAIN_SELF = YES;
				CLANG_WARN_OBJC_LITERAL_CONVERSION = YES;
				CLANG_WARN_OBJC_ROOT_CLASS = YES_ERROR;
				CLANG_WARN_RANGE_LOOP_ANALYSIS = YES;
				CLANG_WARN_STRICT_PROTOTYPES = YES;
				CLANG_WARN_SUSPICIOUS_MOVE = YES;
				CLANG_WARN_UNGUARDED_AVAILABILITY = YES_AGGRESSIVE;
				CLANG_WARN_UNREACHABLE_CODE = YES;
				CLANG_WARN__DUPLICATE_METHOD_MATCH = YES;
				COPY_PHASE_STRIP = NO;
				DEBUG_INFORMATION_FORMAT = "dwarf-with-dsym";
				ENABLE_NS_ASSERTIONS = NO;
				ENABLE_STRICT_OBJC_MSGSEND = YES;
				GCC_C_LANGUAGE_STANDARD = gnu11;
				GCC_NO_COMMON_BLOCKS = YES;
				GCC_WARN_64_TO_32_BIT_CONVERSION = YES;
				GCC_WARN_ABOUT_RETURN_TYPE = YES_ERROR;
				GCC_WARN_UNDECLARED_SELECTOR = YES;
				GCC_WARN_UNINITIALIZED_AUTOS = YES_AGGRESSIVE;
				GCC_WARN_UNUSED_FUNCTION = YES;
				GCC_WARN_UNUSED_VARIABLE = YES;
				IPHONEOS_DEPLOYMENT_TARGET = 13.2;
				MTL_ENABLE_DEBUG_INFO = NO;
				MTL_FAST_MATH = YES;
				SDKROOT = iphoneos;
				SWIFT_COMPILATION_MODE = wholemodule;
				SWIFT_OPTIMIZATION_LEVEL = "-O";
				VALIDATE_PRODUCT = YES;
			};
			name = Release;
		};
		7F6E2B0323A27BE400DD57F1 /* Debug */ = {
			isa = XCBuildConfiguration;
			buildSettings = {
				ASSETCATALOG_COMPILER_APPICON_NAME = AppIcon;
				CODE_SIGN_STYLE = Automatic;
				DEVELOPMENT_TEAM = V56653R9Z8;
				INFOPLIST_FILE = testing/Info.plist;
				LD_RUNPATH_SEARCH_PATHS = (
					"$(inherited)",
					"@executable_path/Frameworks",
				);
				PRODUCT_BUNDLE_IDENTIFIER = MR.testing;
				PRODUCT_NAME = "$(TARGET_NAME)";
				SWIFT_VERSION = 5.0;
				TARGETED_DEVICE_FAMILY = "1,2";
			};
			name = Debug;
		};
		7F6E2B0423A27BE400DD57F1 /* Release */ = {
			isa = XCBuildConfiguration;
			buildSettings = {
				ASSETCATALOG_COMPILER_APPICON_NAME = AppIcon;
				CODE_SIGN_STYLE = Automatic;
				DEVELOPMENT_TEAM = V56653R9Z8;
				INFOPLIST_FILE = testing/Info.plist;
				LD_RUNPATH_SEARCH_PATHS = (
					"$(inherited)",
					"@executable_path/Frameworks",
				);
				PRODUCT_BUNDLE_IDENTIFIER = MR.testing;
				PRODUCT_NAME = "$(TARGET_NAME)";
				SWIFT_VERSION = 5.0;
				TARGETED_DEVICE_FAMILY = "1,2";
			};
			name = Release;
		};
/* End XCBuildConfiguration section */

/* Begin XCConfigurationList section */
		7F6E2AE923A27BDD00DD57F1 /* Build configuration list for PBXProject "testing" */ = {
			isa = XCConfigurationList;
			buildConfigurations = (
				7F6E2B0023A27BE400DD57F1 /* Debug */,
				7F6E2B0123A27BE400DD57F1 /* Release */,
			);
			defaultConfigurationIsVisible = 0;
			defaultConfigurationName = Release;
		};
		7F6E2B0223A27BE400DD57F1 /* Build configuration list for PBXNativeTarget "testing" */ = {
			isa = XCConfigurationList;
			buildConfigurations = (
				7F6E2B0323A27BE400DD57F1 /* Debug */,
				7F6E2B0423A27BE400DD57F1 /* Release */,
			);
			defaultConfigurationIsVisible = 0;
			defaultConfigurationName = Release;
		};
/* End XCConfigurationList section */
	};
	rootObject = 7F6E2AE623A27BDD00DD57F1 /* Project object */;
}
